
Microsoft Visual Studio Solution File, Format Version 12.00
# Visual Studio Version 17
VisualStudioVersion = 17.2.32630.192
MinimumVisualStudioVersion = 10.0.40219.1
Project("{9A19103F-16F7-4668-BE54-9A1E7A4F7556}") = "CadastroClientes.MVC", "CadastroClientes.MVC\CadastroClientes.MVC.csproj", "{D7A1A6B7-D124-412F-9D45-E27AC709FCEB}"
EndProject
Project("{9A19103F-16F7-4668-BE54-9A1E7A4F7556}") = "CadastroClientesCore", "CadastroClientesCore.Mvc\CadastroClientesCore.csproj", "{F31ACA94-5EFD-4BB4-B629-5A42BD6EB3CC}"
EndProject
Project("{9A19103F-16F7-4668-BE54-9A1E7A4F7556}") = "CadastroClientesCore.Tests", "CadastroClientesCore.Tests\CadastroClientesCore.Tests.csproj", "{608906BD-081C-4914-9E1D-003DAA8A0A6A}"
EndProject
Project("{2150E333-8FDC-42A3-9474-1A3956D46DE8}") = "core", "core", "{B53F36B0-C321-461C-8B13-347A8BAA2BA5}"
EndProject
Project("{2150E333-8FDC-42A3-9474-1A3956D46DE8}") = "MVC", "MVC", "{685C59DA-282C-416C-9498-935B3F952CC3}"
EndProject
Project("{2150E333-8FDC-42A3-9474-1A3956D46DE8}") = "JavascriptSPA", "JavascriptSPA", "{D9184AFC-8CC3-43D0-AA25-27D19BCB1E49}"
EndProject
Project("{9A19103F-16F7-4668-BE54-9A1E7A4F7556}") = "CadastroClientes.API", "CadastroClientes.API\CadastroClientes.API.csproj", "{FF4CF4EC-01DD-4B8B-A7C5-92AAF54591B1}"
EndProject
Project("{2150E333-8FDC-42A3-9474-1A3956D46DE8}") = "BlazorSPA", "BlazorSPA", "{098FA9DE-D4AC-4BFB-A3FE-16621D3B5B53}"
EndProject
Project("{9A19103F-16F7-4668-BE54-9A1E7A4F7556}") = "CadastroCliente.SPA", "CadastroCliente.SPA\CadastroCliente.SPA.csproj", "{4EE0D922-D79E-4B11-8350-42A8D40931BC}"
EndProject
Project("{2150E333-8FDC-42A3-9474-1A3956D46DE8}") = "CadastroClientes.Client", "CadastroClientes.Client", "{7510AD33-CA53-4296-B1E4-9E26031C281E}"
EndProject
Project("{FAE04EC0-301F-11D3-BF4B-00C04F79EFBC}") = "BlazorApp1", "BlazorApp1\BlazorApp1.csproj", "{D0044430-8382-4720-892C-523711FCAC97}"
EndProject
Global
	GlobalSection(SolutionConfigurationPlatforms) = preSolution
		Debug|Any CPU = Debug|Any CPU
		Release|Any CPU = Release|Any CPU
	EndGlobalSection
	GlobalSection(ProjectConfigurationPlatforms) = postSolution
		{D7A1A6B7-D124-412F-9D45-E27AC709FCEB}.Debug|Any CPU.ActiveCfg = Debug|Any CPU
		{D7A1A6B7-D124-412F-9D45-E27AC709FCEB}.Debug|Any CPU.Build.0 = Debug|Any CPU
		{D7A1A6B7-D124-412F-9D45-E27AC709FCEB}.Release|Any CPU.ActiveCfg = Release|Any CPU
		{D7A1A6B7-D124-412F-9D45-E27AC709FCEB}.Release|Any CPU.Build.0 = Release|Any CPU
		{F31ACA94-5EFD-4BB4-B629-5A42BD6EB3CC}.Debug|Any CPU.ActiveCfg = Debug|Any CPU
		{F31ACA94-5EFD-4BB4-B629-5A42BD6EB3CC}.Debug|Any CPU.Build.0 = Debug|Any CPU
		{F31ACA94-5EFD-4BB4-B629-5A42BD6EB3CC}.Release|Any CPU.ActiveCfg = Release|Any CPU
		{F31ACA94-5EFD-4BB4-B629-5A42BD6EB3CC}.Release|Any CPU.Build.0 = Release|Any CPU
		{608906BD-081C-4914-9E1D-003DAA8A0A6A}.Debug|Any CPU.ActiveCfg = Debug|Any CPU
		{608906BD-081C-4914-9E1D-003DAA8A0A6A}.Debug|Any CPU.Build.0 = Debug|Any CPU
		{608906BD-081C-4914-9E1D-003DAA8A0A6A}.Release|Any CPU.ActiveCfg = Release|Any CPU
		{608906BD-081C-4914-9E1D-003DAA8A0A6A}.Release|Any CPU.Build.0 = Release|Any CPU
		{FF4CF4EC-01DD-4B8B-A7C5-92AAF54591B1}.Debug|Any CPU.ActiveCfg = Debug|Any CPU
		{FF4CF4EC-01DD-4B8B-A7C5-92AAF54591B1}.Debug|Any CPU.Build.0 = Debug|Any CPU
		{FF4CF4EC-01DD-4B8B-A7C5-92AAF54591B1}.Release|Any CPU.ActiveCfg = Release|Any CPU
		{FF4CF4EC-01DD-4B8B-A7C5-92AAF54591B1}.Release|Any CPU.Build.0 = Release|Any CPU
		{4EE0D922-D79E-4B11-8350-42A8D40931BC}.Debug|Any CPU.ActiveCfg = Debug|Any CPU
		{4EE0D922-D79E-4B11-8350-42A8D40931BC}.Debug|Any CPU.Build.0 = Debug|Any CPU
		{4EE0D922-D79E-4B11-8350-42A8D40931BC}.Release|Any CPU.ActiveCfg = Release|Any CPU
		{4EE0D922-D79E-4B11-8350-42A8D40931BC}.Release|Any CPU.Build.0 = Release|Any CPU
		{D0044430-8382-4720-892C-523711FCAC97}.Debug|Any CPU.ActiveCfg = Debug|Any CPU
		{D0044430-8382-4720-892C-523711FCAC97}.Debug|Any CPU.Build.0 = Debug|Any CPU
		{D0044430-8382-4720-892C-523711FCAC97}.Release|Any CPU.ActiveCfg = Release|Any CPU
		{D0044430-8382-4720-892C-523711FCAC97}.Release|Any CPU.Build.0 = Release|Any CPU
	EndGlobalSection
	GlobalSection(SolutionProperties) = preSolution
		HideSolutionNode = FALSE
	EndGlobalSection
	GlobalSection(NestedProjects) = preSolution
		{D7A1A6B7-D124-412F-9D45-E27AC709FCEB} = {685C59DA-282C-416C-9498-935B3F952CC3}
		{F31ACA94-5EFD-4BB4-B629-5A42BD6EB3CC} = {B53F36B0-C321-461C-8B13-347A8BAA2BA5}
		{608906BD-081C-4914-9E1D-003DAA8A0A6A} = {B53F36B0-C321-461C-8B13-347A8BAA2BA5}
		{FF4CF4EC-01DD-4B8B-A7C5-92AAF54591B1} = {D9184AFC-8CC3-43D0-AA25-27D19BCB1E49}
		{4EE0D922-D79E-4B11-8350-42A8D40931BC} = {098FA9DE-D4AC-4BFB-A3FE-16621D3B5B53}
		{7510AD33-CA53-4296-B1E4-9E26031C281E} = {D9184AFC-8CC3-43D0-AA25-27D19BCB1E49}
	EndGlobalSection
	GlobalSection(ExtensibilityGlobals) = postSolution
		SolutionGuid = {83CAE538-590D-4671-9CDE-EDFF6E67E088}
	EndGlobalSection
EndGlobal
