
Microsoft Visual Studio Solution File, Format Version 12.00
# Visual Studio Version 17
VisualStudioVersion = 17.2.32630.192
MinimumVisualStudioVersion = 10.0.40219.1
Project("{FAE04EC0-301F-11D3-BF4B-00C04F79EFBC}") = "CadastroClientes", "CadastroClientes\CadastroClientes.csproj", "{9F037B59-3BAF-466A-AE7D-655AEC6D1380}"
EndProject
Global
	GlobalSection(SolutionConfigurationPlatforms) = preSolution
		Debug|Any CPU = Debug|Any CPU
		Release|Any CPU = Release|Any CPU
	EndGlobalSection
	GlobalSection(ProjectConfigurationPlatforms) = postSolution
		{9F037B59-3BAF-466A-AE7D-655AEC6D1380}.Debug|Any CPU.ActiveCfg = Debug|Any CPU
		{9F037B59-3BAF-466A-AE7D-655AEC6D1380}.Debug|Any CPU.Build.0 = Debug|Any CPU
		{9F037B59-3BAF-466A-AE7D-655AEC6D1380}.Release|Any CPU.ActiveCfg = Release|Any CPU
		{9F037B59-3BAF-466A-AE7D-655AEC6D1380}.Release|Any CPU.Build.0 = Release|Any CPU
	EndGlobalSection
	GlobalSection(SolutionProperties) = preSolution
		HideSolutionNode = FALSE
	EndGlobalSection
	GlobalSection(ExtensibilityGlobals) = postSolution
		SolutionGuid = {D3ABC6B2-7E5E-4504-B14D-E0A78E462D5D}
	EndGlobalSection
EndGlobal
